
Microsoft Visual Studio Solution File, Format Version 12.00
# Visual Studio 15
VisualStudioVersion = 15.0.26730.12
MinimumVisualStudioVersion = 10.0.40219.1
Project("{FAE04EC0-301F-11D3-BF4B-00C04F79EFBC}") = "IT1050_Lab09_MichaelMinut", "IT1050_Lab09_MichaelMinut\IT1050_Lab09_MichaelMinut.csproj", "{63FE6BDE-651B-4675-962A-BDECC7D8B767}"
EndProject
Global
	GlobalSection(SolutionConfigurationPlatforms) = preSolution
		Debug|Any CPU = Debug|Any CPU
		Release|Any CPU = Release|Any CPU
	EndGlobalSection
	GlobalSection(ProjectConfigurationPlatforms) = postSolution
		{63FE6BDE-651B-4675-962A-BDECC7D8B767}.Debug|Any CPU.ActiveCfg = Debug|Any CPU
		{63FE6BDE-651B-4675-962A-BDECC7D8B767}.Debug|Any CPU.Build.0 = Debug|Any CPU
		{63FE6BDE-651B-4675-962A-BDECC7D8B767}.Release|Any CPU.ActiveCfg = Release|Any CPU
		{63FE6BDE-651B-4675-962A-BDECC7D8B767}.Release|Any CPU.Build.0 = Release|Any CPU
	EndGlobalSection
	GlobalSection(SolutionProperties) = preSolution
		HideSolutionNode = FALSE
	EndGlobalSection
	GlobalSection(ExtensibilityGlobals) = postSolution
		SolutionGuid = {4DC29087-1DFD-4624-8D4A-550A568CD460}
	EndGlobalSection
EndGlobal
